
Microsoft Visual Studio Solution File, Format Version 12.00
# Visual Studio Version 16
VisualStudioVersion = 16.0.31613.86
MinimumVisualStudioVersion = 10.0.40219.1
Project("{8BC9CEB8-8B4A-11D0-8D11-00A0C91BC942}") = "Task1", "Task1\Task1.vcxproj", "{4BCA9A12-DB5C-48BE-8474-C071D4EF29E6}"
EndProject
Project("{8BC9CEB8-8B4A-11D0-8D11-00A0C91BC942}") = "Task2", "Task2\Task2.vcxproj", "{BA018C00-D7BB-41B6-BA3B-D002AC7E2E07}"
EndProject
Project("{8BC9CEB8-8B4A-11D0-8D11-00A0C91BC942}") = "Task3", "Task3\Task3.vcxproj", "{48F06B64-C8DD-49B3-960E-43449D55E502}"
EndProject
Project("{8BC9CEB8-8B4A-11D0-8D11-00A0C91BC942}") = "Task4", "Task4\Task4.vcxproj", "{D1CA494D-7B97-4F17-BEF1-80CA0011A0FA}"
EndProject
Project("{8BC9CEB8-8B4A-11D0-8D11-00A0C91BC942}") = "Task5", "Task5\Task5.vcxproj", "{84BEEFF9-C7E4-4250-B03D-9DD31F6C9C46}"
EndProject
Project("{8BC9CEB8-8B4A-11D0-8D11-00A0C91BC942}") = "Task6", "Task6\Task6.vcxproj", "{BA5A7210-1447-467D-B016-DAABFB231882}"
EndProject
Project("{8BC9CEB8-8B4A-11D0-8D11-00A0C91BC942}") = "Task7", "Task7\Task7.vcxproj", "{F0B89628-9969-4DE7-BD42-4D587E00015F}"
EndProject
Project("{8BC9CEB8-8B4A-11D0-8D11-00A0C91BC942}") = "Task8", "Task8\Task8.vcxproj", "{B6810DA3-1B6B-435D-A6F2-A3132C7DD6D4}"
EndProject
Project("{8BC9CEB8-8B4A-11D0-8D11-00A0C91BC942}") = "Task9", "Task9\Task9.vcxproj", "{7F358478-2166-47EF-B9DB-C6FF5F51E72A}"
EndProject
Project("{8BC9CEB8-8B4A-11D0-8D11-00A0C91BC942}") = "Task10(Magic_hren')", "Task10(Magic_hren')\Task10(Magic_hren').vcxproj", "{54880C0C-3165-4980-8BC2-123E26E2D974}"
EndProject
Project("{8BC9CEB8-8B4A-11D0-8D11-00A0C91BC942}") = "Task11", "Task11\Task11.vcxproj", "{4F3F955C-5CB2-4EC6-ACEC-1026D60BA781}"
EndProject
Project("{8BC9CEB8-8B4A-11D0-8D11-00A0C91BC942}") = "Task12", "Task12\Task12.vcxproj", "{3F81C8D5-4C37-4028-ABDA-361FDAB1505E}"
EndProject
Project("{8BC9CEB8-8B4A-11D0-8D11-00A0C91BC942}") = "Task13", "Task13\Task13.vcxproj", "{8EF0CB9B-2B66-4A2F-89A6-037C07781113}"
EndProject
Project("{8BC9CEB8-8B4A-11D0-8D11-00A0C91BC942}") = "Task14", "Task14\Task14.vcxproj", "{B536917C-72BB-4E9F-814A-B5D90C84095D}"
EndProject
Project("{8BC9CEB8-8B4A-11D0-8D11-00A0C91BC942}") = "Task15", "Task15\Task15.vcxproj", "{7D1C732B-5B03-45EF-BD9B-3422B8570BC1}"
EndProject
Global
	GlobalSection(SolutionConfigurationPlatforms) = preSolution
		Debug|x64 = Debug|x64
		Debug|x86 = Debug|x86
		Release|x64 = Release|x64
		Release|x86 = Release|x86
	EndGlobalSection
	GlobalSection(ProjectConfigurationPlatforms) = postSolution
		{4BCA9A12-DB5C-48BE-8474-C071D4EF29E6}.Debug|x64.ActiveCfg = Debug|x64
		{4BCA9A12-DB5C-48BE-8474-C071D4EF29E6}.Debug|x64.Build.0 = Debug|x64
		{4BCA9A12-DB5C-48BE-8474-C071D4EF29E6}.Debug|x86.ActiveCfg = Debug|Win32
		{4BCA9A12-DB5C-48BE-8474-C071D4EF29E6}.Debug|x86.Build.0 = Debug|Win32
		{4BCA9A12-DB5C-48BE-8474-C071D4EF29E6}.Release|x64.ActiveCfg = Release|x64
		{4BCA9A12-DB5C-48BE-8474-C071D4EF29E6}.Release|x64.Build.0 = Release|x64
		{4BCA9A12-DB5C-48BE-8474-C071D4EF29E6}.Release|x86.ActiveCfg = Release|Win32
		{4BCA9A12-DB5C-48BE-8474-C071D4EF29E6}.Release|x86.Build.0 = Release|Win32
		{BA018C00-D7BB-41B6-BA3B-D002AC7E2E07}.Debug|x64.ActiveCfg = Debug|x64
		{BA018C00-D7BB-41B6-BA3B-D002AC7E2E07}.Debug|x64.Build.0 = Debug|x64
		{BA018C00-D7BB-41B6-BA3B-D002AC7E2E07}.Debug|x86.ActiveCfg = Debug|Win32
		{BA018C00-D7BB-41B6-BA3B-D002AC7E2E07}.Debug|x86.Build.0 = Debug|Win32
		{BA018C00-D7BB-41B6-BA3B-D002AC7E2E07}.Release|x64.ActiveCfg = Release|x64
		{BA018C00-D7BB-41B6-BA3B-D002AC7E2E07}.Release|x64.Build.0 = Release|x64
		{BA018C00-D7BB-41B6-BA3B-D002AC7E2E07}.Release|x86.ActiveCfg = Release|Win32
		{BA018C00-D7BB-41B6-BA3B-D002AC7E2E07}.Release|x86.Build.0 = Release|Win32
		{48F06B64-C8DD-49B3-960E-43449D55E502}.Debug|x64.ActiveCfg = Debug|x64
		{48F06B64-C8DD-49B3-960E-43449D55E502}.Debug|x64.Build.0 = Debug|x64
		{48F06B64-C8DD-49B3-960E-43449D55E502}.Debug|x86.ActiveCfg = Debug|Win32
		{48F06B64-C8DD-49B3-960E-43449D55E502}.Debug|x86.Build.0 = Debug|Win32
		{48F06B64-C8DD-49B3-960E-43449D55E502}.Release|x64.ActiveCfg = Release|x64
		{48F06B64-C8DD-49B3-960E-43449D55E502}.Release|x64.Build.0 = Release|x64
		{48F06B64-C8DD-49B3-960E-43449D55E502}.Release|x86.ActiveCfg = Release|Win32
		{48F06B64-C8DD-49B3-960E-43449D55E502}.Release|x86.Build.0 = Release|Win32
		{D1CA494D-7B97-4F17-BEF1-80CA0011A0FA}.Debug|x64.ActiveCfg = Debug|x64
		{D1CA494D-7B97-4F17-BEF1-80CA0011A0FA}.Debug|x64.Build.0 = Debug|x64
		{D1CA494D-7B97-4F17-BEF1-80CA0011A0FA}.Debug|x86.ActiveCfg = Debug|Win32
		{D1CA494D-7B97-4F17-BEF1-80CA0011A0FA}.Debug|x86.Build.0 = Debug|Win32
		{D1CA494D-7B97-4F17-BEF1-80CA0011A0FA}.Release|x64.ActiveCfg = Release|x64
		{D1CA494D-7B97-4F17-BEF1-80CA0011A0FA}.Release|x64.Build.0 = Release|x64
		{D1CA494D-7B97-4F17-BEF1-80CA0011A0FA}.Release|x86.ActiveCfg = Release|Win32
		{D1CA494D-7B97-4F17-BEF1-80CA0011A0FA}.Release|x86.Build.0 = Release|Win32
		{84BEEFF9-C7E4-4250-B03D-9DD31F6C9C46}.Debug|x64.ActiveCfg = Debug|x64
		{84BEEFF9-C7E4-4250-B03D-9DD31F6C9C46}.Debug|x64.Build.0 = Debug|x64
		{84BEEFF9-C7E4-4250-B03D-9DD31F6C9C46}.Debug|x86.ActiveCfg = Debug|Win32
		{84BEEFF9-C7E4-4250-B03D-9DD31F6C9C46}.Debug|x86.Build.0 = Debug|Win32
		{84BEEFF9-C7E4-4250-B03D-9DD31F6C9C46}.Release|x64.ActiveCfg = Release|x64
		{84BEEFF9-C7E4-4250-B03D-9DD31F6C9C46}.Release|x64.Build.0 = Release|x64
		{84BEEFF9-C7E4-4250-B03D-9DD31F6C9C46}.Release|x86.ActiveCfg = Release|Win32
		{84BEEFF9-C7E4-4250-B03D-9DD31F6C9C46}.Release|x86.Build.0 = Release|Win32
		{BA5A7210-1447-467D-B016-DAABFB231882}.Debug|x64.ActiveCfg = Debug|x64
		{BA5A7210-1447-467D-B016-DAABFB231882}.Debug|x64.Build.0 = Debug|x64
		{BA5A7210-1447-467D-B016-DAABFB231882}.Debug|x86.ActiveCfg = Debug|Win32
		{BA5A7210-1447-467D-B016-DAABFB231882}.Debug|x86.Build.0 = Debug|Win32
		{BA5A7210-1447-467D-B016-DAABFB231882}.Release|x64.ActiveCfg = Release|x64
		{BA5A7210-1447-467D-B016-DAABFB231882}.Release|x64.Build.0 = Release|x64
		{BA5A7210-1447-467D-B016-DAABFB231882}.Release|x86.ActiveCfg = Release|Win32
		{BA5A7210-1447-467D-B016-DAABFB231882}.Release|x86.Build.0 = Release|Win32
		{F0B89628-9969-4DE7-BD42-4D587E00015F}.Debug|x64.ActiveCfg = Debug|x64
		{F0B89628-9969-4DE7-BD42-4D587E00015F}.Debug|x64.Build.0 = Debug|x64
		{F0B89628-9969-4DE7-BD42-4D587E00015F}.Debug|x86.ActiveCfg = Debug|Win32
		{F0B89628-9969-4DE7-BD42-4D587E00015F}.Debug|x86.Build.0 = Debug|Win32
		{F0B89628-9969-4DE7-BD42-4D587E00015F}.Release|x64.ActiveCfg = Release|x64
		{F0B89628-9969-4DE7-BD42-4D587E00015F}.Release|x64.Build.0 = Release|x64
		{F0B89628-9969-4DE7-BD42-4D587E00015F}.Release|x86.ActiveCfg = Release|Win32
		{F0B89628-9969-4DE7-BD42-4D587E00015F}.Release|x86.Build.0 = Release|Win32
		{B6810DA3-1B6B-435D-A6F2-A3132C7DD6D4}.Debug|x64.ActiveCfg = Debug|x64
		{B6810DA3-1B6B-435D-A6F2-A3132C7DD6D4}.Debug|x64.Build.0 = Debug|x64
		{B6810DA3-1B6B-435D-A6F2-A3132C7DD6D4}.Debug|x86.ActiveCfg = Debug|Win32
		{B6810DA3-1B6B-435D-A6F2-A3132C7DD6D4}.Debug|x86.Build.0 = Debug|Win32
		{B6810DA3-1B6B-435D-A6F2-A3132C7DD6D4}.Release|x64.ActiveCfg = Release|x64
		{B6810DA3-1B6B-435D-A6F2-A3132C7DD6D4}.Release|x64.Build.0 = Release|x64
		{B6810DA3-1B6B-435D-A6F2-A3132C7DD6D4}.Release|x86.ActiveCfg = Release|Win32
		{B6810DA3-1B6B-435D-A6F2-A3132C7DD6D4}.Release|x86.Build.0 = Release|Win32
		{7F358478-2166-47EF-B9DB-C6FF5F51E72A}.Debug|x64.ActiveCfg = Debug|x64
		{7F358478-2166-47EF-B9DB-C6FF5F51E72A}.Debug|x64.Build.0 = Debug|x64
		{7F358478-2166-47EF-B9DB-C6FF5F51E72A}.Debug|x86.ActiveCfg = Debug|Win32
		{7F358478-2166-47EF-B9DB-C6FF5F51E72A}.Debug|x86.Build.0 = Debug|Win32
		{7F358478-2166-47EF-B9DB-C6FF5F51E72A}.Release|x64.ActiveCfg = Release|x64
		{7F358478-2166-47EF-B9DB-C6FF5F51E72A}.Release|x64.Build.0 = Release|x64
		{7F358478-2166-47EF-B9DB-C6FF5F51E72A}.Release|x86.ActiveCfg = Release|Win32
		{7F358478-2166-47EF-B9DB-C6FF5F51E72A}.Release|x86.Build.0 = Release|Win32
		{54880C0C-3165-4980-8BC2-123E26E2D974}.Debug|x64.ActiveCfg = Debug|x64
		{54880C0C-3165-4980-8BC2-123E26E2D974}.Debug|x64.Build.0 = Debug|x64
		{54880C0C-3165-4980-8BC2-123E26E2D974}.Debug|x86.ActiveCfg = Debug|Win32
		{54880C0C-3165-4980-8BC2-123E26E2D974}.Debug|x86.Build.0 = Debug|Win32
		{54880C0C-3165-4980-8BC2-123E26E2D974}.Release|x64.ActiveCfg = Release|x64
		{54880C0C-3165-4980-8BC2-123E26E2D974}.Release|x64.Build.0 = Release|x64
		{54880C0C-3165-4980-8BC2-123E26E2D974}.Release|x86.ActiveCfg = Release|Win32
		{54880C0C-3165-4980-8BC2-123E26E2D974}.Release|x86.Build.0 = Release|Win32
		{4F3F955C-5CB2-4EC6-ACEC-1026D60BA781}.Debug|x64.ActiveCfg = Debug|x64
		{4F3F955C-5CB2-4EC6-ACEC-1026D60BA781}.Debug|x64.Build.0 = Debug|x64
		{4F3F955C-5CB2-4EC6-ACEC-1026D60BA781}.Debug|x86.ActiveCfg = Debug|Win32
		{4F3F955C-5CB2-4EC6-ACEC-1026D60BA781}.Debug|x86.Build.0 = Debug|Win32
		{4F3F955C-5CB2-4EC6-ACEC-1026D60BA781}.Release|x64.ActiveCfg = Release|x64
		{4F3F955C-5CB2-4EC6-ACEC-1026D60BA781}.Release|x64.Build.0 = Release|x64
		{4F3F955C-5CB2-4EC6-ACEC-1026D60BA781}.Release|x86.ActiveCfg = Release|Win32
		{4F3F955C-5CB2-4EC6-ACEC-1026D60BA781}.Release|x86.Build.0 = Release|Win32
		{3F81C8D5-4C37-4028-ABDA-361FDAB1505E}.Debug|x64.ActiveCfg = Debug|x64
		{3F81C8D5-4C37-4028-ABDA-361FDAB1505E}.Debug|x64.Build.0 = Debug|x64
		{3F81C8D5-4C37-4028-ABDA-361FDAB1505E}.Debug|x86.ActiveCfg = Debug|Win32
		{3F81C8D5-4C37-4028-ABDA-361FDAB1505E}.Debug|x86.Build.0 = Debug|Win32
		{3F81C8D5-4C37-4028-ABDA-361FDAB1505E}.Release|x64.ActiveCfg = Release|x64
		{3F81C8D5-4C37-4028-ABDA-361FDAB1505E}.Release|x64.Build.0 = Release|x64
		{3F81C8D5-4C37-4028-ABDA-361FDAB1505E}.Release|x86.ActiveCfg = Release|Win32
		{3F81C8D5-4C37-4028-ABDA-361FDAB1505E}.Release|x86.Build.0 = Release|Win32
		{8EF0CB9B-2B66-4A2F-89A6-037C07781113}.Debug|x64.ActiveCfg = Debug|x64
		{8EF0CB9B-2B66-4A2F-89A6-037C07781113}.Debug|x64.Build.0 = Debug|x64
		{8EF0CB9B-2B66-4A2F-89A6-037C07781113}.Debug|x86.ActiveCfg = Debug|Win32
		{8EF0CB9B-2B66-4A2F-89A6-037C07781113}.Debug|x86.Build.0 = Debug|Win32
		{8EF0CB9B-2B66-4A2F-89A6-037C07781113}.Release|x64.ActiveCfg = Release|x64
		{8EF0CB9B-2B66-4A2F-89A6-037C07781113}.Release|x64.Build.0 = Release|x64
		{8EF0CB9B-2B66-4A2F-89A6-037C07781113}.Release|x86.ActiveCfg = Release|Win32
		{8EF0CB9B-2B66-4A2F-89A6-037C07781113}.Release|x86.Build.0 = Release|Win32
		{B536917C-72BB-4E9F-814A-B5D90C84095D}.Debug|x64.ActiveCfg = Debug|x64
		{B536917C-72BB-4E9F-814A-B5D90C84095D}.Debug|x64.Build.0 = Debug|x64
		{B536917C-72BB-4E9F-814A-B5D90C84095D}.Debug|x86.ActiveCfg = Debug|Win32
		{B536917C-72BB-4E9F-814A-B5D90C84095D}.Debug|x86.Build.0 = Debug|Win32
		{B536917C-72BB-4E9F-814A-B5D90C84095D}.Release|x64.ActiveCfg = Release|x64
		{B536917C-72BB-4E9F-814A-B5D90C84095D}.Release|x64.Build.0 = Release|x64
		{B536917C-72BB-4E9F-814A-B5D90C84095D}.Release|x86.ActiveCfg = Release|Win32
		{B536917C-72BB-4E9F-814A-B5D90C84095D}.Release|x86.Build.0 = Release|Win32
		{7D1C732B-5B03-45EF-BD9B-3422B8570BC1}.Debug|x64.ActiveCfg = Debug|x64
		{7D1C732B-5B03-45EF-BD9B-3422B8570BC1}.Debug|x64.Build.0 = Debug|x64
		{7D1C732B-5B03-45EF-BD9B-3422B8570BC1}.Debug|x86.ActiveCfg = Debug|Win32
		{7D1C732B-5B03-45EF-BD9B-3422B8570BC1}.Debug|x86.Build.0 = Debug|Win32
		{7D1C732B-5B03-45EF-BD9B-3422B8570BC1}.Release|x64.ActiveCfg = Release|x64
		{7D1C732B-5B03-45EF-BD9B-3422B8570BC1}.Release|x64.Build.0 = Release|x64
		{7D1C732B-5B03-45EF-BD9B-3422B8570BC1}.Release|x86.ActiveCfg = Release|Win32
		{7D1C732B-5B03-45EF-BD9B-3422B8570BC1}.Release|x86.Build.0 = Release|Win32
	EndGlobalSection
	GlobalSection(SolutionProperties) = preSolution
		HideSolutionNode = FALSE
	EndGlobalSection
	GlobalSection(ExtensibilityGlobals) = postSolution
		SolutionGuid = {CD15321C-6731-472D-8F80-C20EDFBAC758}
	EndGlobalSection
EndGlobal
