
Microsoft Visual Studio Solution File, Format Version 12.00
# Visual Studio Version 16
VisualStudioVersion = 16.0.31613.86
MinimumVisualStudioVersion = 10.0.40219.1
Project("{8BC9CEB8-8B4A-11D0-8D11-00A0C91BC942}") = "MyString", "MyString\MyString.vcxproj", "{F176357E-59F4-4579-83B3-635FB896072C}"
EndProject
Project("{8BC9CEB8-8B4A-11D0-8D11-00A0C91BC942}") = "Task01", "Task01\Task01.vcxproj", "{021A7C56-962E-4395-810C-C50C8FA30ADC}"
EndProject
Project("{8BC9CEB8-8B4A-11D0-8D11-00A0C91BC942}") = "Task02", "Task02\Task02.vcxproj", "{BF2C9274-0BB5-401C-A521-94A3626527DA}"
EndProject
Project("{8BC9CEB8-8B4A-11D0-8D11-00A0C91BC942}") = "Task03", "Task03\Task03.vcxproj", "{91B064EB-FD03-4ECF-90E6-3D5D193E3ABF}"
EndProject
Project("{8BC9CEB8-8B4A-11D0-8D11-00A0C91BC942}") = "Task04", "Task04\Task04.vcxproj", "{74FA9A15-3C6B-4D22-833C-2BCB8E97B450}"
EndProject
Project("{8BC9CEB8-8B4A-11D0-8D11-00A0C91BC942}") = "Task05", "Task05\Task05.vcxproj", "{35B14A7D-6403-4DC2-A087-E6C48CF32C6D}"
EndProject
Project("{8BC9CEB8-8B4A-11D0-8D11-00A0C91BC942}") = "Task06", "Task06\Task06.vcxproj", "{49E2011E-1EBA-4B14-83A8-A94B9A414959}"
EndProject
Project("{8BC9CEB8-8B4A-11D0-8D11-00A0C91BC942}") = "Task07", "Task07\Task07.vcxproj", "{A72571D1-0256-4A1F-B958-AE455138E934}"
EndProject
Project("{8BC9CEB8-8B4A-11D0-8D11-00A0C91BC942}") = "Task08", "Task08\Task08.vcxproj", "{8F10F0CA-2E32-4A1C-BA1D-AB59DCBC47D4}"
EndProject
Project("{8BC9CEB8-8B4A-11D0-8D11-00A0C91BC942}") = "Task09", "Task09\Task09.vcxproj", "{801B5D69-90DD-4732-BEE3-D24ACFDDA661}"
EndProject
Project("{8BC9CEB8-8B4A-11D0-8D11-00A0C91BC942}") = "Task10", "Task10\Task10.vcxproj", "{204811CC-95C3-4108-9EA5-1C86488DD2D7}"
EndProject
Project("{8BC9CEB8-8B4A-11D0-8D11-00A0C91BC942}") = "Tests", "Tests\Tests.vcxproj", "{3AD43EBC-A6B9-4840-A957-B46DFAB8C590}"
EndProject
Project("{8BC9CEB8-8B4A-11D0-8D11-00A0C91BC942}") = "Task01.0", "Task01.0\Task01.0.vcxproj", "{F2348313-72F9-4549-B198-763592B6EB4F}"
EndProject
Project("{8BC9CEB8-8B4A-11D0-8D11-00A0C91BC942}") = "Test", "Test\Test.vcxproj", "{0FF4026F-3E51-4689-806D-B8B5B154A36A}"
EndProject
Global
	GlobalSection(SolutionConfigurationPlatforms) = preSolution
		Debug|x64 = Debug|x64
		Debug|x86 = Debug|x86
		Release|x64 = Release|x64
		Release|x86 = Release|x86
	EndGlobalSection
	GlobalSection(ProjectConfigurationPlatforms) = postSolution
		{F176357E-59F4-4579-83B3-635FB896072C}.Debug|x64.ActiveCfg = Debug|x64
		{F176357E-59F4-4579-83B3-635FB896072C}.Debug|x64.Build.0 = Debug|x64
		{F176357E-59F4-4579-83B3-635FB896072C}.Debug|x86.ActiveCfg = Debug|Win32
		{F176357E-59F4-4579-83B3-635FB896072C}.Debug|x86.Build.0 = Debug|Win32
		{F176357E-59F4-4579-83B3-635FB896072C}.Release|x64.ActiveCfg = Release|x64
		{F176357E-59F4-4579-83B3-635FB896072C}.Release|x64.Build.0 = Release|x64
		{F176357E-59F4-4579-83B3-635FB896072C}.Release|x86.ActiveCfg = Release|Win32
		{F176357E-59F4-4579-83B3-635FB896072C}.Release|x86.Build.0 = Release|Win32
		{021A7C56-962E-4395-810C-C50C8FA30ADC}.Debug|x64.ActiveCfg = Debug|x64
		{021A7C56-962E-4395-810C-C50C8FA30ADC}.Debug|x64.Build.0 = Debug|x64
		{021A7C56-962E-4395-810C-C50C8FA30ADC}.Debug|x86.ActiveCfg = Debug|Win32
		{021A7C56-962E-4395-810C-C50C8FA30ADC}.Debug|x86.Build.0 = Debug|Win32
		{021A7C56-962E-4395-810C-C50C8FA30ADC}.Release|x64.ActiveCfg = Release|x64
		{021A7C56-962E-4395-810C-C50C8FA30ADC}.Release|x64.Build.0 = Release|x64
		{021A7C56-962E-4395-810C-C50C8FA30ADC}.Release|x86.ActiveCfg = Release|Win32
		{021A7C56-962E-4395-810C-C50C8FA30ADC}.Release|x86.Build.0 = Release|Win32
		{BF2C9274-0BB5-401C-A521-94A3626527DA}.Debug|x64.ActiveCfg = Debug|x64
		{BF2C9274-0BB5-401C-A521-94A3626527DA}.Debug|x64.Build.0 = Debug|x64
		{BF2C9274-0BB5-401C-A521-94A3626527DA}.Debug|x86.ActiveCfg = Debug|Win32
		{BF2C9274-0BB5-401C-A521-94A3626527DA}.Debug|x86.Build.0 = Debug|Win32
		{BF2C9274-0BB5-401C-A521-94A3626527DA}.Release|x64.ActiveCfg = Release|x64
		{BF2C9274-0BB5-401C-A521-94A3626527DA}.Release|x64.Build.0 = Release|x64
		{BF2C9274-0BB5-401C-A521-94A3626527DA}.Release|x86.ActiveCfg = Release|Win32
		{BF2C9274-0BB5-401C-A521-94A3626527DA}.Release|x86.Build.0 = Release|Win32
		{91B064EB-FD03-4ECF-90E6-3D5D193E3ABF}.Debug|x64.ActiveCfg = Debug|x64
		{91B064EB-FD03-4ECF-90E6-3D5D193E3ABF}.Debug|x64.Build.0 = Debug|x64
		{91B064EB-FD03-4ECF-90E6-3D5D193E3ABF}.Debug|x86.ActiveCfg = Debug|Win32
		{91B064EB-FD03-4ECF-90E6-3D5D193E3ABF}.Debug|x86.Build.0 = Debug|Win32
		{91B064EB-FD03-4ECF-90E6-3D5D193E3ABF}.Release|x64.ActiveCfg = Release|x64
		{91B064EB-FD03-4ECF-90E6-3D5D193E3ABF}.Release|x64.Build.0 = Release|x64
		{91B064EB-FD03-4ECF-90E6-3D5D193E3ABF}.Release|x86.ActiveCfg = Release|Win32
		{91B064EB-FD03-4ECF-90E6-3D5D193E3ABF}.Release|x86.Build.0 = Release|Win32
		{74FA9A15-3C6B-4D22-833C-2BCB8E97B450}.Debug|x64.ActiveCfg = Debug|x64
		{74FA9A15-3C6B-4D22-833C-2BCB8E97B450}.Debug|x64.Build.0 = Debug|x64
		{74FA9A15-3C6B-4D22-833C-2BCB8E97B450}.Debug|x86.ActiveCfg = Debug|Win32
		{74FA9A15-3C6B-4D22-833C-2BCB8E97B450}.Debug|x86.Build.0 = Debug|Win32
		{74FA9A15-3C6B-4D22-833C-2BCB8E97B450}.Release|x64.ActiveCfg = Release|x64
		{74FA9A15-3C6B-4D22-833C-2BCB8E97B450}.Release|x64.Build.0 = Release|x64
		{74FA9A15-3C6B-4D22-833C-2BCB8E97B450}.Release|x86.ActiveCfg = Release|Win32
		{74FA9A15-3C6B-4D22-833C-2BCB8E97B450}.Release|x86.Build.0 = Release|Win32
		{35B14A7D-6403-4DC2-A087-E6C48CF32C6D}.Debug|x64.ActiveCfg = Debug|x64
		{35B14A7D-6403-4DC2-A087-E6C48CF32C6D}.Debug|x64.Build.0 = Debug|x64
		{35B14A7D-6403-4DC2-A087-E6C48CF32C6D}.Debug|x86.ActiveCfg = Debug|Win32
		{35B14A7D-6403-4DC2-A087-E6C48CF32C6D}.Debug|x86.Build.0 = Debug|Win32
		{35B14A7D-6403-4DC2-A087-E6C48CF32C6D}.Release|x64.ActiveCfg = Release|x64
		{35B14A7D-6403-4DC2-A087-E6C48CF32C6D}.Release|x64.Build.0 = Release|x64
		{35B14A7D-6403-4DC2-A087-E6C48CF32C6D}.Release|x86.ActiveCfg = Release|Win32
		{35B14A7D-6403-4DC2-A087-E6C48CF32C6D}.Release|x86.Build.0 = Release|Win32
		{49E2011E-1EBA-4B14-83A8-A94B9A414959}.Debug|x64.ActiveCfg = Debug|x64
		{49E2011E-1EBA-4B14-83A8-A94B9A414959}.Debug|x64.Build.0 = Debug|x64
		{49E2011E-1EBA-4B14-83A8-A94B9A414959}.Debug|x86.ActiveCfg = Debug|Win32
		{49E2011E-1EBA-4B14-83A8-A94B9A414959}.Debug|x86.Build.0 = Debug|Win32
		{49E2011E-1EBA-4B14-83A8-A94B9A414959}.Release|x64.ActiveCfg = Release|x64
		{49E2011E-1EBA-4B14-83A8-A94B9A414959}.Release|x64.Build.0 = Release|x64
		{49E2011E-1EBA-4B14-83A8-A94B9A414959}.Release|x86.ActiveCfg = Release|Win32
		{49E2011E-1EBA-4B14-83A8-A94B9A414959}.Release|x86.Build.0 = Release|Win32
		{A72571D1-0256-4A1F-B958-AE455138E934}.Debug|x64.ActiveCfg = Debug|x64
		{A72571D1-0256-4A1F-B958-AE455138E934}.Debug|x64.Build.0 = Debug|x64
		{A72571D1-0256-4A1F-B958-AE455138E934}.Debug|x86.ActiveCfg = Debug|Win32
		{A72571D1-0256-4A1F-B958-AE455138E934}.Debug|x86.Build.0 = Debug|Win32
		{A72571D1-0256-4A1F-B958-AE455138E934}.Release|x64.ActiveCfg = Release|x64
		{A72571D1-0256-4A1F-B958-AE455138E934}.Release|x64.Build.0 = Release|x64
		{A72571D1-0256-4A1F-B958-AE455138E934}.Release|x86.ActiveCfg = Release|Win32
		{A72571D1-0256-4A1F-B958-AE455138E934}.Release|x86.Build.0 = Release|Win32
		{8F10F0CA-2E32-4A1C-BA1D-AB59DCBC47D4}.Debug|x64.ActiveCfg = Debug|x64
		{8F10F0CA-2E32-4A1C-BA1D-AB59DCBC47D4}.Debug|x64.Build.0 = Debug|x64
		{8F10F0CA-2E32-4A1C-BA1D-AB59DCBC47D4}.Debug|x86.ActiveCfg = Debug|Win32
		{8F10F0CA-2E32-4A1C-BA1D-AB59DCBC47D4}.Debug|x86.Build.0 = Debug|Win32
		{8F10F0CA-2E32-4A1C-BA1D-AB59DCBC47D4}.Release|x64.ActiveCfg = Release|x64
		{8F10F0CA-2E32-4A1C-BA1D-AB59DCBC47D4}.Release|x64.Build.0 = Release|x64
		{8F10F0CA-2E32-4A1C-BA1D-AB59DCBC47D4}.Release|x86.ActiveCfg = Release|Win32
		{8F10F0CA-2E32-4A1C-BA1D-AB59DCBC47D4}.Release|x86.Build.0 = Release|Win32
		{801B5D69-90DD-4732-BEE3-D24ACFDDA661}.Debug|x64.ActiveCfg = Debug|x64
		{801B5D69-90DD-4732-BEE3-D24ACFDDA661}.Debug|x64.Build.0 = Debug|x64
		{801B5D69-90DD-4732-BEE3-D24ACFDDA661}.Debug|x86.ActiveCfg = Debug|Win32
		{801B5D69-90DD-4732-BEE3-D24ACFDDA661}.Debug|x86.Build.0 = Debug|Win32
		{801B5D69-90DD-4732-BEE3-D24ACFDDA661}.Release|x64.ActiveCfg = Release|x64
		{801B5D69-90DD-4732-BEE3-D24ACFDDA661}.Release|x64.Build.0 = Release|x64
		{801B5D69-90DD-4732-BEE3-D24ACFDDA661}.Release|x86.ActiveCfg = Release|Win32
		{801B5D69-90DD-4732-BEE3-D24ACFDDA661}.Release|x86.Build.0 = Release|Win32
		{204811CC-95C3-4108-9EA5-1C86488DD2D7}.Debug|x64.ActiveCfg = Debug|x64
		{204811CC-95C3-4108-9EA5-1C86488DD2D7}.Debug|x64.Build.0 = Debug|x64
		{204811CC-95C3-4108-9EA5-1C86488DD2D7}.Debug|x86.ActiveCfg = Debug|Win32
		{204811CC-95C3-4108-9EA5-1C86488DD2D7}.Debug|x86.Build.0 = Debug|Win32
		{204811CC-95C3-4108-9EA5-1C86488DD2D7}.Release|x64.ActiveCfg = Release|x64
		{204811CC-95C3-4108-9EA5-1C86488DD2D7}.Release|x64.Build.0 = Release|x64
		{204811CC-95C3-4108-9EA5-1C86488DD2D7}.Release|x86.ActiveCfg = Release|Win32
		{204811CC-95C3-4108-9EA5-1C86488DD2D7}.Release|x86.Build.0 = Release|Win32
		{3AD43EBC-A6B9-4840-A957-B46DFAB8C590}.Debug|x64.ActiveCfg = Debug|x64
		{3AD43EBC-A6B9-4840-A957-B46DFAB8C590}.Debug|x64.Build.0 = Debug|x64
		{3AD43EBC-A6B9-4840-A957-B46DFAB8C590}.Debug|x86.ActiveCfg = Debug|Win32
		{3AD43EBC-A6B9-4840-A957-B46DFAB8C590}.Debug|x86.Build.0 = Debug|Win32
		{3AD43EBC-A6B9-4840-A957-B46DFAB8C590}.Release|x64.ActiveCfg = Release|x64
		{3AD43EBC-A6B9-4840-A957-B46DFAB8C590}.Release|x64.Build.0 = Release|x64
		{3AD43EBC-A6B9-4840-A957-B46DFAB8C590}.Release|x86.ActiveCfg = Release|Win32
		{3AD43EBC-A6B9-4840-A957-B46DFAB8C590}.Release|x86.Build.0 = Release|Win32
		{F2348313-72F9-4549-B198-763592B6EB4F}.Debug|x64.ActiveCfg = Debug|x64
		{F2348313-72F9-4549-B198-763592B6EB4F}.Debug|x64.Build.0 = Debug|x64
		{F2348313-72F9-4549-B198-763592B6EB4F}.Debug|x86.ActiveCfg = Debug|Win32
		{F2348313-72F9-4549-B198-763592B6EB4F}.Debug|x86.Build.0 = Debug|Win32
		{F2348313-72F9-4549-B198-763592B6EB4F}.Release|x64.ActiveCfg = Release|x64
		{F2348313-72F9-4549-B198-763592B6EB4F}.Release|x64.Build.0 = Release|x64
		{F2348313-72F9-4549-B198-763592B6EB4F}.Release|x86.ActiveCfg = Release|Win32
		{F2348313-72F9-4549-B198-763592B6EB4F}.Release|x86.Build.0 = Release|Win32
		{0FF4026F-3E51-4689-806D-B8B5B154A36A}.Debug|x64.ActiveCfg = Debug|x64
		{0FF4026F-3E51-4689-806D-B8B5B154A36A}.Debug|x64.Build.0 = Debug|x64
		{0FF4026F-3E51-4689-806D-B8B5B154A36A}.Debug|x86.ActiveCfg = Debug|Win32
		{0FF4026F-3E51-4689-806D-B8B5B154A36A}.Debug|x86.Build.0 = Debug|Win32
		{0FF4026F-3E51-4689-806D-B8B5B154A36A}.Release|x64.ActiveCfg = Release|x64
		{0FF4026F-3E51-4689-806D-B8B5B154A36A}.Release|x64.Build.0 = Release|x64
		{0FF4026F-3E51-4689-806D-B8B5B154A36A}.Release|x86.ActiveCfg = Release|Win32
		{0FF4026F-3E51-4689-806D-B8B5B154A36A}.Release|x86.Build.0 = Release|Win32
	EndGlobalSection
	GlobalSection(SolutionProperties) = preSolution
		HideSolutionNode = FALSE
	EndGlobalSection
	GlobalSection(ExtensibilityGlobals) = postSolution
		SolutionGuid = {80B12F9D-7407-4DCC-A7ED-13CD1A85353A}
	EndGlobalSection
EndGlobal
