
Microsoft Visual Studio Solution File, Format Version 12.00
# Visual Studio Version 16
VisualStudioVersion = 16.0.31613.86
MinimumVisualStudioVersion = 10.0.40219.1
Project("{8BC9CEB8-8B4A-11D0-8D11-00A0C91BC942}") = "task1", "task1\task1.vcxproj", "{3793189B-B8D7-4B4F-9F42-0199750A5D7C}"
EndProject
Project("{8BC9CEB8-8B4A-11D0-8D11-00A0C91BC942}") = "StaticLib", "StaticLib\StaticLib.vcxproj", "{9D16A753-59F3-4481-87CA-FD3940A62694}"
EndProject
Project("{8BC9CEB8-8B4A-11D0-8D11-00A0C91BC942}") = "task2", "task2\task2.vcxproj", "{CFCDDC23-3EA0-4B2A-97E7-AFFCB259FE50}"
EndProject
Project("{8BC9CEB8-8B4A-11D0-8D11-00A0C91BC942}") = "DynamicLib", "DynamicLib\DynamicLib.vcxproj", "{F7987887-7193-49D7-A13B-9782F323E6C1}"
EndProject
Project("{8BC9CEB8-8B4A-11D0-8D11-00A0C91BC942}") = "UnitTest1", "UnitTest\UnitTest.vcxproj", "{78CE27FB-C0B3-4756-A0D9-497FC71C642B}"
EndProject
Project("{8BC9CEB8-8B4A-11D0-8D11-00A0C91BC942}") = "task3", "task3\task3.vcxproj", "{93F21522-B959-43E4-8C23-5538AE11CC87}"
EndProject
Project("{8BC9CEB8-8B4A-11D0-8D11-00A0C91BC942}") = "UnitTest2", "UnitTest2\UnitTest2.vcxproj", "{8A212FF7-BA2C-40C3-B11F-7A82C9EC58E0}"
EndProject
Project("{8BC9CEB8-8B4A-11D0-8D11-00A0C91BC942}") = "UnitTest3", "UnitTest3\UnitTest3.vcxproj", "{A2B632FC-EC68-4569-B91A-5D6066ADB4F0}"
EndProject
Project("{8BC9CEB8-8B4A-11D0-8D11-00A0C91BC942}") = "task4", "task4\task4.vcxproj", "{D12521C5-D5E6-42A1-873C-ED833AE0BE09}"
EndProject
Project("{8BC9CEB8-8B4A-11D0-8D11-00A0C91BC942}") = "UnitTest4", "UnitTest4\UnitTest4.vcxproj", "{89B991A8-9A31-411B-AFC9-36D353C139A5}"
EndProject
Project("{8BC9CEB8-8B4A-11D0-8D11-00A0C91BC942}") = "task5", "task5\task5.vcxproj", "{C629305F-7C49-4AE8-B66C-B4A17115B22B}"
EndProject
Project("{8BC9CEB8-8B4A-11D0-8D11-00A0C91BC942}") = "UnitTest5", "UnitTest5\UnitTest5.vcxproj", "{AADF58CB-C9AC-4ED7-8377-B19AE2605F03}"
EndProject
Project("{8BC9CEB8-8B4A-11D0-8D11-00A0C91BC942}") = "task6", "task6\task6.vcxproj", "{3C2CA617-4671-423D-881A-C14A7407C5E4}"
EndProject
Project("{8BC9CEB8-8B4A-11D0-8D11-00A0C91BC942}") = "UnitTest6", "UnitTest6\UnitTest6.vcxproj", "{980163BB-0A15-4C08-9E3E-D5AE3F0021A7}"
EndProject
Global
	GlobalSection(SolutionConfigurationPlatforms) = preSolution
		Debug|x64 = Debug|x64
		Debug|x86 = Debug|x86
		Release|x64 = Release|x64
		Release|x86 = Release|x86
	EndGlobalSection
	GlobalSection(ProjectConfigurationPlatforms) = postSolution
		{3793189B-B8D7-4B4F-9F42-0199750A5D7C}.Debug|x64.ActiveCfg = Debug|x64
		{3793189B-B8D7-4B4F-9F42-0199750A5D7C}.Debug|x64.Build.0 = Debug|x64
		{3793189B-B8D7-4B4F-9F42-0199750A5D7C}.Debug|x86.ActiveCfg = Debug|Win32
		{3793189B-B8D7-4B4F-9F42-0199750A5D7C}.Debug|x86.Build.0 = Debug|Win32
		{3793189B-B8D7-4B4F-9F42-0199750A5D7C}.Release|x64.ActiveCfg = Release|x64
		{3793189B-B8D7-4B4F-9F42-0199750A5D7C}.Release|x64.Build.0 = Release|x64
		{3793189B-B8D7-4B4F-9F42-0199750A5D7C}.Release|x86.ActiveCfg = Release|Win32
		{3793189B-B8D7-4B4F-9F42-0199750A5D7C}.Release|x86.Build.0 = Release|Win32
		{9D16A753-59F3-4481-87CA-FD3940A62694}.Debug|x64.ActiveCfg = Debug|x64
		{9D16A753-59F3-4481-87CA-FD3940A62694}.Debug|x64.Build.0 = Debug|x64
		{9D16A753-59F3-4481-87CA-FD3940A62694}.Debug|x86.ActiveCfg = Debug|Win32
		{9D16A753-59F3-4481-87CA-FD3940A62694}.Debug|x86.Build.0 = Debug|Win32
		{9D16A753-59F3-4481-87CA-FD3940A62694}.Release|x64.ActiveCfg = Release|x64
		{9D16A753-59F3-4481-87CA-FD3940A62694}.Release|x64.Build.0 = Release|x64
		{9D16A753-59F3-4481-87CA-FD3940A62694}.Release|x86.ActiveCfg = Release|Win32
		{9D16A753-59F3-4481-87CA-FD3940A62694}.Release|x86.Build.0 = Release|Win32
		{CFCDDC23-3EA0-4B2A-97E7-AFFCB259FE50}.Debug|x64.ActiveCfg = Debug|x64
		{CFCDDC23-3EA0-4B2A-97E7-AFFCB259FE50}.Debug|x64.Build.0 = Debug|x64
		{CFCDDC23-3EA0-4B2A-97E7-AFFCB259FE50}.Debug|x86.ActiveCfg = Debug|Win32
		{CFCDDC23-3EA0-4B2A-97E7-AFFCB259FE50}.Debug|x86.Build.0 = Debug|Win32
		{CFCDDC23-3EA0-4B2A-97E7-AFFCB259FE50}.Release|x64.ActiveCfg = Release|x64
		{CFCDDC23-3EA0-4B2A-97E7-AFFCB259FE50}.Release|x64.Build.0 = Release|x64
		{CFCDDC23-3EA0-4B2A-97E7-AFFCB259FE50}.Release|x86.ActiveCfg = Release|Win32
		{CFCDDC23-3EA0-4B2A-97E7-AFFCB259FE50}.Release|x86.Build.0 = Release|Win32
		{F7987887-7193-49D7-A13B-9782F323E6C1}.Debug|x64.ActiveCfg = Debug|x64
		{F7987887-7193-49D7-A13B-9782F323E6C1}.Debug|x64.Build.0 = Debug|x64
		{F7987887-7193-49D7-A13B-9782F323E6C1}.Debug|x86.ActiveCfg = Debug|Win32
		{F7987887-7193-49D7-A13B-9782F323E6C1}.Debug|x86.Build.0 = Debug|Win32
		{F7987887-7193-49D7-A13B-9782F323E6C1}.Release|x64.ActiveCfg = Release|x64
		{F7987887-7193-49D7-A13B-9782F323E6C1}.Release|x64.Build.0 = Release|x64
		{F7987887-7193-49D7-A13B-9782F323E6C1}.Release|x86.ActiveCfg = Release|Win32
		{F7987887-7193-49D7-A13B-9782F323E6C1}.Release|x86.Build.0 = Release|Win32
		{78CE27FB-C0B3-4756-A0D9-497FC71C642B}.Debug|x64.ActiveCfg = Debug|x64
		{78CE27FB-C0B3-4756-A0D9-497FC71C642B}.Debug|x64.Build.0 = Debug|x64
		{78CE27FB-C0B3-4756-A0D9-497FC71C642B}.Debug|x86.ActiveCfg = Debug|Win32
		{78CE27FB-C0B3-4756-A0D9-497FC71C642B}.Debug|x86.Build.0 = Debug|Win32
		{78CE27FB-C0B3-4756-A0D9-497FC71C642B}.Release|x64.ActiveCfg = Release|x64
		{78CE27FB-C0B3-4756-A0D9-497FC71C642B}.Release|x64.Build.0 = Release|x64
		{78CE27FB-C0B3-4756-A0D9-497FC71C642B}.Release|x86.ActiveCfg = Release|Win32
		{78CE27FB-C0B3-4756-A0D9-497FC71C642B}.Release|x86.Build.0 = Release|Win32
		{93F21522-B959-43E4-8C23-5538AE11CC87}.Debug|x64.ActiveCfg = Debug|x64
		{93F21522-B959-43E4-8C23-5538AE11CC87}.Debug|x64.Build.0 = Debug|x64
		{93F21522-B959-43E4-8C23-5538AE11CC87}.Debug|x86.ActiveCfg = Debug|Win32
		{93F21522-B959-43E4-8C23-5538AE11CC87}.Debug|x86.Build.0 = Debug|Win32
		{93F21522-B959-43E4-8C23-5538AE11CC87}.Release|x64.ActiveCfg = Release|x64
		{93F21522-B959-43E4-8C23-5538AE11CC87}.Release|x64.Build.0 = Release|x64
		{93F21522-B959-43E4-8C23-5538AE11CC87}.Release|x86.ActiveCfg = Release|Win32
		{93F21522-B959-43E4-8C23-5538AE11CC87}.Release|x86.Build.0 = Release|Win32
		{8A212FF7-BA2C-40C3-B11F-7A82C9EC58E0}.Debug|x64.ActiveCfg = Debug|x64
		{8A212FF7-BA2C-40C3-B11F-7A82C9EC58E0}.Debug|x64.Build.0 = Debug|x64
		{8A212FF7-BA2C-40C3-B11F-7A82C9EC58E0}.Debug|x86.ActiveCfg = Debug|Win32
		{8A212FF7-BA2C-40C3-B11F-7A82C9EC58E0}.Debug|x86.Build.0 = Debug|Win32
		{8A212FF7-BA2C-40C3-B11F-7A82C9EC58E0}.Release|x64.ActiveCfg = Release|x64
		{8A212FF7-BA2C-40C3-B11F-7A82C9EC58E0}.Release|x64.Build.0 = Release|x64
		{8A212FF7-BA2C-40C3-B11F-7A82C9EC58E0}.Release|x86.ActiveCfg = Release|Win32
		{8A212FF7-BA2C-40C3-B11F-7A82C9EC58E0}.Release|x86.Build.0 = Release|Win32
		{A2B632FC-EC68-4569-B91A-5D6066ADB4F0}.Debug|x64.ActiveCfg = Debug|x64
		{A2B632FC-EC68-4569-B91A-5D6066ADB4F0}.Debug|x64.Build.0 = Debug|x64
		{A2B632FC-EC68-4569-B91A-5D6066ADB4F0}.Debug|x86.ActiveCfg = Debug|Win32
		{A2B632FC-EC68-4569-B91A-5D6066ADB4F0}.Debug|x86.Build.0 = Debug|Win32
		{A2B632FC-EC68-4569-B91A-5D6066ADB4F0}.Release|x64.ActiveCfg = Release|x64
		{A2B632FC-EC68-4569-B91A-5D6066ADB4F0}.Release|x64.Build.0 = Release|x64
		{A2B632FC-EC68-4569-B91A-5D6066ADB4F0}.Release|x86.ActiveCfg = Release|Win32
		{A2B632FC-EC68-4569-B91A-5D6066ADB4F0}.Release|x86.Build.0 = Release|Win32
		{D12521C5-D5E6-42A1-873C-ED833AE0BE09}.Debug|x64.ActiveCfg = Debug|x64
		{D12521C5-D5E6-42A1-873C-ED833AE0BE09}.Debug|x64.Build.0 = Debug|x64
		{D12521C5-D5E6-42A1-873C-ED833AE0BE09}.Debug|x86.ActiveCfg = Debug|Win32
		{D12521C5-D5E6-42A1-873C-ED833AE0BE09}.Debug|x86.Build.0 = Debug|Win32
		{D12521C5-D5E6-42A1-873C-ED833AE0BE09}.Release|x64.ActiveCfg = Release|x64
		{D12521C5-D5E6-42A1-873C-ED833AE0BE09}.Release|x64.Build.0 = Release|x64
		{D12521C5-D5E6-42A1-873C-ED833AE0BE09}.Release|x86.ActiveCfg = Release|Win32
		{D12521C5-D5E6-42A1-873C-ED833AE0BE09}.Release|x86.Build.0 = Release|Win32
		{89B991A8-9A31-411B-AFC9-36D353C139A5}.Debug|x64.ActiveCfg = Debug|x64
		{89B991A8-9A31-411B-AFC9-36D353C139A5}.Debug|x64.Build.0 = Debug|x64
		{89B991A8-9A31-411B-AFC9-36D353C139A5}.Debug|x86.ActiveCfg = Debug|Win32
		{89B991A8-9A31-411B-AFC9-36D353C139A5}.Debug|x86.Build.0 = Debug|Win32
		{89B991A8-9A31-411B-AFC9-36D353C139A5}.Release|x64.ActiveCfg = Release|x64
		{89B991A8-9A31-411B-AFC9-36D353C139A5}.Release|x64.Build.0 = Release|x64
		{89B991A8-9A31-411B-AFC9-36D353C139A5}.Release|x86.ActiveCfg = Release|Win32
		{89B991A8-9A31-411B-AFC9-36D353C139A5}.Release|x86.Build.0 = Release|Win32
		{C629305F-7C49-4AE8-B66C-B4A17115B22B}.Debug|x64.ActiveCfg = Debug|x64
		{C629305F-7C49-4AE8-B66C-B4A17115B22B}.Debug|x64.Build.0 = Debug|x64
		{C629305F-7C49-4AE8-B66C-B4A17115B22B}.Debug|x86.ActiveCfg = Debug|Win32
		{C629305F-7C49-4AE8-B66C-B4A17115B22B}.Debug|x86.Build.0 = Debug|Win32
		{C629305F-7C49-4AE8-B66C-B4A17115B22B}.Release|x64.ActiveCfg = Release|x64
		{C629305F-7C49-4AE8-B66C-B4A17115B22B}.Release|x64.Build.0 = Release|x64
		{C629305F-7C49-4AE8-B66C-B4A17115B22B}.Release|x86.ActiveCfg = Release|Win32
		{C629305F-7C49-4AE8-B66C-B4A17115B22B}.Release|x86.Build.0 = Release|Win32
		{AADF58CB-C9AC-4ED7-8377-B19AE2605F03}.Debug|x64.ActiveCfg = Debug|x64
		{AADF58CB-C9AC-4ED7-8377-B19AE2605F03}.Debug|x64.Build.0 = Debug|x64
		{AADF58CB-C9AC-4ED7-8377-B19AE2605F03}.Debug|x86.ActiveCfg = Debug|Win32
		{AADF58CB-C9AC-4ED7-8377-B19AE2605F03}.Debug|x86.Build.0 = Debug|Win32
		{AADF58CB-C9AC-4ED7-8377-B19AE2605F03}.Release|x64.ActiveCfg = Release|x64
		{AADF58CB-C9AC-4ED7-8377-B19AE2605F03}.Release|x64.Build.0 = Release|x64
		{AADF58CB-C9AC-4ED7-8377-B19AE2605F03}.Release|x86.ActiveCfg = Release|Win32
		{AADF58CB-C9AC-4ED7-8377-B19AE2605F03}.Release|x86.Build.0 = Release|Win32
		{3C2CA617-4671-423D-881A-C14A7407C5E4}.Debug|x64.ActiveCfg = Debug|x64
		{3C2CA617-4671-423D-881A-C14A7407C5E4}.Debug|x64.Build.0 = Debug|x64
		{3C2CA617-4671-423D-881A-C14A7407C5E4}.Debug|x86.ActiveCfg = Debug|Win32
		{3C2CA617-4671-423D-881A-C14A7407C5E4}.Debug|x86.Build.0 = Debug|Win32
		{3C2CA617-4671-423D-881A-C14A7407C5E4}.Release|x64.ActiveCfg = Release|x64
		{3C2CA617-4671-423D-881A-C14A7407C5E4}.Release|x64.Build.0 = Release|x64
		{3C2CA617-4671-423D-881A-C14A7407C5E4}.Release|x86.ActiveCfg = Release|Win32
		{3C2CA617-4671-423D-881A-C14A7407C5E4}.Release|x86.Build.0 = Release|Win32
		{980163BB-0A15-4C08-9E3E-D5AE3F0021A7}.Debug|x64.ActiveCfg = Debug|x64
		{980163BB-0A15-4C08-9E3E-D5AE3F0021A7}.Debug|x64.Build.0 = Debug|x64
		{980163BB-0A15-4C08-9E3E-D5AE3F0021A7}.Debug|x86.ActiveCfg = Debug|Win32
		{980163BB-0A15-4C08-9E3E-D5AE3F0021A7}.Debug|x86.Build.0 = Debug|Win32
		{980163BB-0A15-4C08-9E3E-D5AE3F0021A7}.Release|x64.ActiveCfg = Release|x64
		{980163BB-0A15-4C08-9E3E-D5AE3F0021A7}.Release|x64.Build.0 = Release|x64
		{980163BB-0A15-4C08-9E3E-D5AE3F0021A7}.Release|x86.ActiveCfg = Release|Win32
		{980163BB-0A15-4C08-9E3E-D5AE3F0021A7}.Release|x86.Build.0 = Release|Win32
	EndGlobalSection
	GlobalSection(SolutionProperties) = preSolution
		HideSolutionNode = FALSE
	EndGlobalSection
	GlobalSection(ExtensibilityGlobals) = postSolution
		SolutionGuid = {97A0B718-3FBF-49F2-8C84-3CCE89405588}
	EndGlobalSection
EndGlobal
